
Microsoft Visual Studio Solution File, Format Version 12.00
# Visual Studio 15
VisualStudioVersion = 15.0.28010.2048
MinimumVisualStudioVersion = 10.0.40219.1
Project("{FAE04EC0-301F-11D3-BF4B-00C04F79EFBC}") = "cpp project", "cpp project\cpp project.csproj", "{CDAFB8F7-7720-4AA3-B4C2-325472738284}"
EndProject
Global
	GlobalSection(SolutionConfigurationPlatforms) = preSolution
		Debug|Any CPU = Debug|Any CPU
		Release|Any CPU = Release|Any CPU
	EndGlobalSection
	GlobalSection(ProjectConfigurationPlatforms) = postSolution
		{CDAFB8F7-7720-4AA3-B4C2-325472738284}.Debug|Any CPU.ActiveCfg = Debug|Any CPU
		{CDAFB8F7-7720-4AA3-B4C2-325472738284}.Debug|Any CPU.Build.0 = Debug|Any CPU
		{CDAFB8F7-7720-4AA3-B4C2-325472738284}.Release|Any CPU.ActiveCfg = Release|Any CPU
		{CDAFB8F7-7720-4AA3-B4C2-325472738284}.Release|Any CPU.Build.0 = Release|Any CPU
	EndGlobalSection
	GlobalSection(SolutionProperties) = preSolution
		HideSolutionNode = FALSE
	EndGlobalSection
	GlobalSection(ExtensibilityGlobals) = postSolution
		SolutionGuid = {AAD8035B-940E-4480-BCF3-A8DCD03A3B6A}
	EndGlobalSection
EndGlobal
